
Microsoft Visual Studio Solution File, Format Version 12.00
# Visual Studio Version 16
VisualStudioVersion = 16.0.31624.102
MinimumVisualStudioVersion = 10.0.40219.1
Project("{FAE04EC0-301F-11D3-BF4B-00C04F79EFBC}") = "RecipeAPI", "RecipeAPI\RecipeAPI.csproj", "{6EE84AAE-DA2E-4B91-BD42-717EC28E4AC3}"
EndProject
Project("{FAE04EC0-301F-11D3-BF4B-00C04F79EFBC}") = "Recipe.Data", "Recipe.Data\Recipe.Data.csproj", "{B56F916E-0512-46FA-AF79-CA8205F68836}"
EndProject
Project("{FAE04EC0-301F-11D3-BF4B-00C04F79EFBC}") = "Recipe.Models", "Recipes.Models\Recipe.Models.csproj", "{A53CF38A-12A8-4609-A49D-A718868761A8}"
EndProject
Project("{FAE04EC0-301F-11D3-BF4B-00C04F79EFBC}") = "Recipe.Service", "Recipe.Service\Recipe.Service.csproj", "{EE4ACE0F-049B-4B21-AAA8-79A0A828FAE6}"
EndProject
Global
	GlobalSection(SolutionConfigurationPlatforms) = preSolution
		Debug|Any CPU = Debug|Any CPU
		Release|Any CPU = Release|Any CPU
	EndGlobalSection
	GlobalSection(ProjectConfigurationPlatforms) = postSolution
		{6EE84AAE-DA2E-4B91-BD42-717EC28E4AC3}.Debug|Any CPU.ActiveCfg = Debug|Any CPU
		{6EE84AAE-DA2E-4B91-BD42-717EC28E4AC3}.Debug|Any CPU.Build.0 = Debug|Any CPU
		{6EE84AAE-DA2E-4B91-BD42-717EC28E4AC3}.Release|Any CPU.ActiveCfg = Release|Any CPU
		{6EE84AAE-DA2E-4B91-BD42-717EC28E4AC3}.Release|Any CPU.Build.0 = Release|Any CPU
		{B56F916E-0512-46FA-AF79-CA8205F68836}.Debug|Any CPU.ActiveCfg = Debug|Any CPU
		{B56F916E-0512-46FA-AF79-CA8205F68836}.Debug|Any CPU.Build.0 = Debug|Any CPU
		{B56F916E-0512-46FA-AF79-CA8205F68836}.Release|Any CPU.ActiveCfg = Release|Any CPU
		{B56F916E-0512-46FA-AF79-CA8205F68836}.Release|Any CPU.Build.0 = Release|Any CPU
		{A53CF38A-12A8-4609-A49D-A718868761A8}.Debug|Any CPU.ActiveCfg = Debug|Any CPU
		{A53CF38A-12A8-4609-A49D-A718868761A8}.Debug|Any CPU.Build.0 = Debug|Any CPU
		{A53CF38A-12A8-4609-A49D-A718868761A8}.Release|Any CPU.ActiveCfg = Release|Any CPU
		{A53CF38A-12A8-4609-A49D-A718868761A8}.Release|Any CPU.Build.0 = Release|Any CPU
		{EE4ACE0F-049B-4B21-AAA8-79A0A828FAE6}.Debug|Any CPU.ActiveCfg = Debug|Any CPU
		{EE4ACE0F-049B-4B21-AAA8-79A0A828FAE6}.Debug|Any CPU.Build.0 = Debug|Any CPU
		{EE4ACE0F-049B-4B21-AAA8-79A0A828FAE6}.Release|Any CPU.ActiveCfg = Release|Any CPU
		{EE4ACE0F-049B-4B21-AAA8-79A0A828FAE6}.Release|Any CPU.Build.0 = Release|Any CPU
	EndGlobalSection
	GlobalSection(SolutionProperties) = preSolution
		HideSolutionNode = FALSE
	EndGlobalSection
	GlobalSection(ExtensibilityGlobals) = postSolution
		SolutionGuid = {0A8F31E5-20C9-4643-A955-7831D110B826}
	EndGlobalSection
EndGlobal
